// !$*UTF8*$!
{
	archiveVersion = 1;
	classes = {
	};
	objectVersion = 55;
	objects = {

/* Begin PBXBuildFile section */
		14E9268E2788325E005E4B49 /* B5573.cpp in Sources */ = {isa = PBXBuildFile; fileRef = 14E9268C27882A1F005E4B49 /* B5573.cpp */; };
/* End PBXBuildFile section */

/* Begin PBXCopyFilesBuildPhase section */
		145602492782BBDB00CDEBBF /* CopyFiles */ = {
			isa = PBXCopyFilesBuildPhase;
			buildActionMask = 2147483647;
			dstPath = /usr/share/man/man1/;
			dstSubfolderSpec = 0;
			files = (
			);
			runOnlyForDeploymentPostprocessing = 1;
		};
/* End PBXCopyFilesBuildPhase section */

/* Begin PBXFileReference section */
		1414EDC4278405C10017E304 /* B2748.cpp */ = {isa = PBXFileReference; lastKnownFileType = sourcecode.cpp.cpp; path = B2748.cpp; sourceTree = "<group>"; };
		1414EDC627840C680017E304 /* B1806.cpp */ = {isa = PBXFileReference; lastKnownFileType = sourcecode.cpp.cpp; path = B1806.cpp; sourceTree = "<group>"; };
		1414EDC8278418EF0017E304 /* B2805.cpp */ = {isa = PBXFileReference; lastKnownFileType = sourcecode.cpp.cpp; path = B2805.cpp; sourceTree = "<group>"; };
		1414EDCA27842B990017E304 /* B1072.cpp */ = {isa = PBXFileReference; lastKnownFileType = sourcecode.cpp.cpp; path = B1072.cpp; sourceTree = "<group>"; };
		1414EDCC278435190017E304 /* B2842.cpp */ = {isa = PBXFileReference; lastKnownFileType = sourcecode.cpp.cpp; path = B2842.cpp; sourceTree = "<group>"; };
		1456024B2782BBDB00CDEBBF /* SDS_algorithm */ = {isa = PBXFileReference; explicitFileType = "compiled.mach-o.executable"; includeInIndex = 0; path = SDS_algorithm; sourceTree = BUILT_PRODUCTS_DIR; };
		1456024E2782BBDB00CDEBBF /* B3425.cpp */ = {isa = PBXFileReference; lastKnownFileType = sourcecode.cpp.cpp; path = B3425.cpp; sourceTree = "<group>"; };
		14E926672786A127005E4B49 /* B2042.cpp */ = {isa = PBXFileReference; lastKnownFileType = sourcecode.cpp.cpp; path = B2042.cpp; sourceTree = "<group>"; };
		14E926692786AE64005E4B49 /* B2243.cpp */ = {isa = PBXFileReference; lastKnownFileType = sourcecode.cpp.cpp; path = B2243.cpp; sourceTree = "<group>"; };
		14E9266B2786B92E005E4B49 /* B1275.cpp */ = {isa = PBXFileReference; lastKnownFileType = sourcecode.cpp.cpp; path = B1275.cpp; sourceTree = "<group>"; };
		14E9266D2786C1FC005E4B49 /* B2094.cpp */ = {isa = PBXFileReference; lastKnownFileType = sourcecode.cpp.cpp; path = B2094.cpp; sourceTree = "<group>"; };
		14E9266F2786CC86005E4B49 /* B3020.cpp */ = {isa = PBXFileReference; lastKnownFileType = sourcecode.cpp.cpp; path = B3020.cpp; sourceTree = "<group>"; };
		14E926712786DB9E005E4B49 /* B1644.cpp */ = {isa = PBXFileReference; lastKnownFileType = sourcecode.cpp.cpp; path = B1644.cpp; sourceTree = "<group>"; };
		14E926732786E17B005E4B49 /* B2725.cpp */ = {isa = PBXFileReference; lastKnownFileType = sourcecode.cpp.cpp; path = B2725.cpp; sourceTree = "<group>"; };
		14E92677278807A5005E4B49 /* B11050.cpp */ = {isa = PBXFileReference; lastKnownFileType = sourcecode.cpp.cpp; path = B11050.cpp; sourceTree = "<group>"; };
		14E9267A278807F8005E4B49 /* B11051.cpp */ = {isa = PBXFileReference; lastKnownFileType = sourcecode.cpp.cpp; path = B11051.cpp; sourceTree = "<group>"; };
		14E9268327880FAC005E4B49 /* B1256.cpp */ = {isa = PBXFileReference; lastKnownFileType = sourcecode.cpp.cpp; path = B1256.cpp; sourceTree = "<group>"; };
		14E926872788127F005E4B49 /* B5568.cpp */ = {isa = PBXFileReference; lastKnownFileType = sourcecode.cpp.cpp; path = B5568.cpp; sourceTree = "<group>"; };
		14E9268A278821DB005E4B49 /* B15686.cpp */ = {isa = PBXFileReference; lastKnownFileType = sourcecode.cpp.cpp; path = B15686.cpp; sourceTree = "<group>"; };
		14E9268C27882A1F005E4B49 /* B5573.cpp */ = {isa = PBXFileReference; lastKnownFileType = sourcecode.cpp.cpp; path = B5573.cpp; sourceTree = "<group>"; };
		14E9268F278BC6B5005E4B49 /* B1717.cpp */ = {isa = PBXFileReference; lastKnownFileType = sourcecode.cpp.cpp; path = B1717.cpp; sourceTree = "<group>"; };
		14E92693278BEC0B005E4B49 /* B1922.cpp */ = {isa = PBXFileReference; lastKnownFileType = sourcecode.cpp.cpp; path = B1922.cpp; sourceTree = "<group>"; };
		14E92695278C0E9E005E4B49 /* B2252.cpp */ = {isa = PBXFileReference; lastKnownFileType = sourcecode.cpp.cpp; path = B2252.cpp; sourceTree = "<group>"; };
		14E92697278C1889005E4B49 /* B1516.cpp */ = {isa = PBXFileReference; lastKnownFileType = sourcecode.cpp.cpp; path = B1516.cpp; sourceTree = "<group>"; };
		14E9269A278D1A8F005E4B49 /* 다익스트라.cpp */ = {isa = PBXFileReference; lastKnownFileType = sourcecode.cpp.cpp; name = "다익스트라.cpp"; path = "../../../../../Documents/다익스트라.cpp"; sourceTree = "<group>"; };
		14EC87042785696000E3925C /* B10828.cpp */ = {isa = PBXFileReference; lastKnownFileType = sourcecode.cpp.cpp; path = B10828.cpp; sourceTree = "<group>"; };
		14EC870627856F6000E3925C /* B10845.cpp */ = {isa = PBXFileReference; lastKnownFileType = sourcecode.cpp.cpp; path = B10845.cpp; sourceTree = "<group>"; };
		14EC8708278579BB00E3925C /* B1991.cpp */ = {isa = PBXFileReference; lastKnownFileType = sourcecode.cpp.cpp; path = B1991.cpp; sourceTree = "<group>"; };
		14EC870A2785912300E3925C /* B1655.cpp */ = {isa = PBXFileReference; lastKnownFileType = sourcecode.cpp.cpp; path = B1655.cpp; sourceTree = "<group>"; };
		14EC870D2785E99D00E3925C /* input.txt */ = {isa = PBXFileReference; lastKnownFileType = text; path = input.txt; sourceTree = "<group>"; };
/* End PBXFileReference section */

/* Begin PBXFrameworksBuildPhase section */
		145602482782BBDB00CDEBBF /* Frameworks */ = {
			isa = PBXFrameworksBuildPhase;
			buildActionMask = 2147483647;
			files = (
			);
			runOnlyForDeploymentPostprocessing = 0;
		};
/* End PBXFrameworksBuildPhase section */

/* Begin PBXGroup section */
		145602422782BBDB00CDEBBF = {
			isa = PBXGroup;
			children = (
				1456024D2782BBDB00CDEBBF /* SDS_algorithm */,
				1456024C2782BBDB00CDEBBF /* Products */,
			);
			sourceTree = "<group>";
		};
		1456024C2782BBDB00CDEBBF /* Products */ = {
			isa = PBXGroup;
			children = (
				1456024B2782BBDB00CDEBBF /* SDS_algorithm */,
			);
			name = Products;
			sourceTree = "<group>";
		};
		1456024D2782BBDB00CDEBBF /* SDS_algorithm */ = {
			isa = PBXGroup;
			children = (
				14E9269C278D2006005E4B49 /* day7 */,
				14E92699278D1A68005E4B49 /* algorithm */,
				1456024E2782BBDB00CDEBBF /* B3425.cpp */,
				1414EDC4278405C10017E304 /* B2748.cpp */,
				1414EDC627840C680017E304 /* B1806.cpp */,
				1414EDC8278418EF0017E304 /* B2805.cpp */,
				1414EDCA27842B990017E304 /* B1072.cpp */,
				1414EDCC278435190017E304 /* B2842.cpp */,
				14EC87042785696000E3925C /* B10828.cpp */,
				14EC870627856F6000E3925C /* B10845.cpp */,
				14E92692278BC6E5005E4B49 /* day6 */,
				14E9267C2788084A005E4B49 /* day3 */,
				14EC870D2785E99D00E3925C /* input.txt */,
				14E9268227880A16005E4B49 /* day4 */,
				14E92679278807B6005E4B49 /* day5 */,
			);
			path = SDS_algorithm;
			sourceTree = "<group>";
		};
		14E92679278807B6005E4B49 /* day5 */ = {
			isa = PBXGroup;
			children = (
				14E92677278807A5005E4B49 /* B11050.cpp */,
				14E9267A278807F8005E4B49 /* B11051.cpp */,
				14E9268327880FAC005E4B49 /* B1256.cpp */,
				14E926872788127F005E4B49 /* B5568.cpp */,
				14E9268A278821DB005E4B49 /* B15686.cpp */,
				14E9268C27882A1F005E4B49 /* B5573.cpp */,
			);
			name = day5;
			sourceTree = "<group>";
		};
		14E9267C2788084A005E4B49 /* day3 */ = {
			isa = PBXGroup;
			children = (
				14E926672786A127005E4B49 /* B2042.cpp */,
				14EC8708278579BB00E3925C /* B1991.cpp */,
				14EC870A2785912300E3925C /* B1655.cpp */,
				14E926692786AE64005E4B49 /* B2243.cpp */,
				14E9266B2786B92E005E4B49 /* B1275.cpp */,
				14E9266D2786C1FC005E4B49 /* B2094.cpp */,
				14E9266F2786CC86005E4B49 /* B3020.cpp */,
			);
			name = day3;
			sourceTree = "<group>";
		};
		14E9268227880A16005E4B49 /* day4 */ = {
			isa = PBXGroup;
			children = (
				14E926712786DB9E005E4B49 /* B1644.cpp */,
				14E926732786E17B005E4B49 /* B2725.cpp */,
			);
			name = day4;
			sourceTree = "<group>";
		};
		14E92692278BC6E5005E4B49 /* day6 */ = {
			isa = PBXGroup;
			children = (
				14E9268F278BC6B5005E4B49 /* B1717.cpp */,
				14E92693278BEC0B005E4B49 /* B1922.cpp */,
				14E92695278C0E9E005E4B49 /* B2252.cpp */,
				14E92697278C1889005E4B49 /* B1516.cpp */,
			);
			name = day6;
			sourceTree = "<group>";
		};
		14E92699278D1A68005E4B49 /* algorithm */ = {
			isa = PBXGroup;
			children = (
				14E9269A278D1A8F005E4B49 /* 다익스트라.cpp */,
			);
			name = algorithm;
			sourceTree = "<group>";
		};
		14E9269C278D2006005E4B49 /* day7 */ = {
			isa = PBXGroup;
			children = (
			);
			name = day7;
			sourceTree = "<group>";
		};
/* End PBXGroup section */

/* Begin PBXNativeTarget section */
		1456024A2782BBDB00CDEBBF /* SDS_algorithm */ = {
			isa = PBXNativeTarget;
			buildConfigurationList = 145602522782BBDB00CDEBBF /* Build configuration list for PBXNativeTarget "SDS_algorithm" */;
			buildPhases = (
				145602472782BBDB00CDEBBF /* Sources */,
				145602482782BBDB00CDEBBF /* Frameworks */,
				145602492782BBDB00CDEBBF /* CopyFiles */,
			);
			buildRules = (
			);
			dependencies = (
			);
			name = SDS_algorithm;
			productName = SDS_algorithm;
			productReference = 1456024B2782BBDB00CDEBBF /* SDS_algorithm */;
			productType = "com.apple.product-type.tool";
		};
/* End PBXNativeTarget section */

/* Begin PBXProject section */
		145602432782BBDB00CDEBBF /* Project object */ = {
			isa = PBXProject;
			attributes = {
				BuildIndependentTargetsInParallel = 1;
				LastUpgradeCheck = 1300;
				TargetAttributes = {
					1456024A2782BBDB00CDEBBF = {
						CreatedOnToolsVersion = 13.0;
					};
				};
			};
			buildConfigurationList = 145602462782BBDB00CDEBBF /* Build configuration list for PBXProject "SDS_algorithm" */;
			compatibilityVersion = "Xcode 13.0";
			developmentRegion = en;
			hasScannedForEncodings = 0;
			knownRegions = (
				en,
				Base,
			);
			mainGroup = 145602422782BBDB00CDEBBF;
			productRefGroup = 1456024C2782BBDB00CDEBBF /* Products */;
			projectDirPath = "";
			projectRoot = "";
			targets = (
				1456024A2782BBDB00CDEBBF /* SDS_algorithm */,
			);
		};
/* End PBXProject section */

/* Begin PBXSourcesBuildPhase section */
		145602472782BBDB00CDEBBF /* Sources */ = {
			isa = PBXSourcesBuildPhase;
			buildActionMask = 2147483647;
			files = (
				14E9268E2788325E005E4B49 /* B5573.cpp in Sources */,
			);
			runOnlyForDeploymentPostprocessing = 0;
		};
/* End PBXSourcesBuildPhase section */

/* Begin XCBuildConfiguration section */
		145602502782BBDB00CDEBBF /* Debug */ = {
			isa = XCBuildConfiguration;
			buildSettings = {
				ALWAYS_SEARCH_USER_PATHS = NO;
				CLANG_ANALYZER_NONNULL = YES;
				CLANG_ANALYZER_NUMBER_OBJECT_CONVERSION = YES_AGGRESSIVE;
				CLANG_CXX_LANGUAGE_STANDARD = "gnu++17";
				CLANG_CXX_LIBRARY = "libc++";
				CLANG_ENABLE_MODULES = YES;
				CLANG_ENABLE_OBJC_ARC = YES;
				CLANG_ENABLE_OBJC_WEAK = YES;
				CLANG_WARN_BLOCK_CAPTURE_AUTORELEASING = YES;
				CLANG_WARN_BOOL_CONVERSION = YES;
				CLANG_WARN_COMMA = YES;
				CLANG_WARN_CONSTANT_CONVERSION = YES;
				CLANG_WARN_DEPRECATED_OBJC_IMPLEMENTATIONS = YES;
				CLANG_WARN_DIRECT_OBJC_ISA_USAGE = YES_ERROR;
				CLANG_WARN_DOCUMENTATION_COMMENTS = YES;
				CLANG_WARN_EMPTY_BODY = YES;
				CLANG_WARN_ENUM_CONVERSION = YES;
				CLANG_WARN_INFINITE_RECURSION = YES;
				CLANG_WARN_INT_CONVERSION = YES;
				CLANG_WARN_NON_LITERAL_NULL_CONVERSION = YES;
				CLANG_WARN_OBJC_IMPLICIT_RETAIN_SELF = YES;
				CLANG_WARN_OBJC_LITERAL_CONVERSION = YES;
				CLANG_WARN_OBJC_ROOT_CLASS = YES_ERROR;
				CLANG_WARN_QUOTED_INCLUDE_IN_FRAMEWORK_HEADER = YES;
				CLANG_WARN_RANGE_LOOP_ANALYSIS = YES;
				CLANG_WARN_STRICT_PROTOTYPES = YES;
				CLANG_WARN_SUSPICIOUS_MOVE = YES;
				CLANG_WARN_UNGUARDED_AVAILABILITY = YES_AGGRESSIVE;
				CLANG_WARN_UNREACHABLE_CODE = YES;
				CLANG_WARN__DUPLICATE_METHOD_MATCH = YES;
				COPY_PHASE_STRIP = NO;
				DEBUG_INFORMATION_FORMAT = dwarf;
				ENABLE_STRICT_OBJC_MSGSEND = YES;
				ENABLE_TESTABILITY = YES;
				GCC_C_LANGUAGE_STANDARD = gnu11;
				GCC_DYNAMIC_NO_PIC = NO;
				GCC_NO_COMMON_BLOCKS = YES;
				GCC_OPTIMIZATION_LEVEL = 0;
				GCC_PREPROCESSOR_DEFINITIONS = (
					"DEBUG=1",
					"$(inherited)",
				);
				GCC_WARN_64_TO_32_BIT_CONVERSION = YES;
				GCC_WARN_ABOUT_RETURN_TYPE = YES_ERROR;
				GCC_WARN_UNDECLARED_SELECTOR = YES;
				GCC_WARN_UNINITIALIZED_AUTOS = YES_AGGRESSIVE;
				GCC_WARN_UNUSED_FUNCTION = YES;
				GCC_WARN_UNUSED_VARIABLE = YES;
				MACOSX_DEPLOYMENT_TARGET = 11.3;
				MTL_ENABLE_DEBUG_INFO = INCLUDE_SOURCE;
				MTL_FAST_MATH = YES;
				ONLY_ACTIVE_ARCH = YES;
				SDKROOT = macosx;
			};
			name = Debug;
		};
		145602512782BBDB00CDEBBF /* Release */ = {
			isa = XCBuildConfiguration;
			buildSettings = {
				ALWAYS_SEARCH_USER_PATHS = NO;
				CLANG_ANALYZER_NONNULL = YES;
				CLANG_ANALYZER_NUMBER_OBJECT_CONVERSION = YES_AGGRESSIVE;
				CLANG_CXX_LANGUAGE_STANDARD = "gnu++17";
				CLANG_CXX_LIBRARY = "libc++";
				CLANG_ENABLE_MODULES = YES;
				CLANG_ENABLE_OBJC_ARC = YES;
				CLANG_ENABLE_OBJC_WEAK = YES;
				CLANG_WARN_BLOCK_CAPTURE_AUTORELEASING = YES;
				CLANG_WARN_BOOL_CONVERSION = YES;
				CLANG_WARN_COMMA = YES;
				CLANG_WARN_CONSTANT_CONVERSION = YES;
				CLANG_WARN_DEPRECATED_OBJC_IMPLEMENTATIONS = YES;
				CLANG_WARN_DIRECT_OBJC_ISA_USAGE = YES_ERROR;
				CLANG_WARN_DOCUMENTATION_COMMENTS = YES;
				CLANG_WARN_EMPTY_BODY = YES;
				CLANG_WARN_ENUM_CONVERSION = YES;
				CLANG_WARN_INFINITE_RECURSION = YES;
				CLANG_WARN_INT_CONVERSION = YES;
				CLANG_WARN_NON_LITERAL_NULL_CONVERSION = YES;
				CLANG_WARN_OBJC_IMPLICIT_RETAIN_SELF = YES;
				CLANG_WARN_OBJC_LITERAL_CONVERSION = YES;
				CLANG_WARN_OBJC_ROOT_CLASS = YES_ERROR;
				CLANG_WARN_QUOTED_INCLUDE_IN_FRAMEWORK_HEADER = YES;
				CLANG_WARN_RANGE_LOOP_ANALYSIS = YES;
				CLANG_WARN_STRICT_PROTOTYPES = YES;
				CLANG_WARN_SUSPICIOUS_MOVE = YES;
				CLANG_WARN_UNGUARDED_AVAILABILITY = YES_AGGRESSIVE;
				CLANG_WARN_UNREACHABLE_CODE = YES;
				CLANG_WARN__DUPLICATE_METHOD_MATCH = YES;
				COPY_PHASE_STRIP = NO;
				DEBUG_INFORMATION_FORMAT = "dwarf-with-dsym";
				ENABLE_NS_ASSERTIONS = NO;
				ENABLE_STRICT_OBJC_MSGSEND = YES;
				GCC_C_LANGUAGE_STANDARD = gnu11;
				GCC_NO_COMMON_BLOCKS = YES;
				GCC_WARN_64_TO_32_BIT_CONVERSION = YES;
				GCC_WARN_ABOUT_RETURN_TYPE = YES_ERROR;
				GCC_WARN_UNDECLARED_SELECTOR = YES;
				GCC_WARN_UNINITIALIZED_AUTOS = YES_AGGRESSIVE;
				GCC_WARN_UNUSED_FUNCTION = YES;
				GCC_WARN_UNUSED_VARIABLE = YES;
				MACOSX_DEPLOYMENT_TARGET = 11.3;
				MTL_ENABLE_DEBUG_INFO = NO;
				MTL_FAST_MATH = YES;
				SDKROOT = macosx;
			};
			name = Release;
		};
		145602532782BBDB00CDEBBF /* Debug */ = {
			isa = XCBuildConfiguration;
			buildSettings = {
				CODE_SIGN_STYLE = Automatic;
				PRODUCT_NAME = "$(TARGET_NAME)";
			};
			name = Debug;
		};
		145602542782BBDB00CDEBBF /* Release */ = {
			isa = XCBuildConfiguration;
			buildSettings = {
				CODE_SIGN_STYLE = Automatic;
				PRODUCT_NAME = "$(TARGET_NAME)";
			};
			name = Release;
		};
/* End XCBuildConfiguration section */

/* Begin XCConfigurationList section */
		145602462782BBDB00CDEBBF /* Build configuration list for PBXProject "SDS_algorithm" */ = {
			isa = XCConfigurationList;
			buildConfigurations = (
				145602502782BBDB00CDEBBF /* Debug */,
				145602512782BBDB00CDEBBF /* Release */,
			);
			defaultConfigurationIsVisible = 0;
			defaultConfigurationName = Release;
		};
		145602522782BBDB00CDEBBF /* Build configuration list for PBXNativeTarget "SDS_algorithm" */ = {
			isa = XCConfigurationList;
			buildConfigurations = (
				145602532782BBDB00CDEBBF /* Debug */,
				145602542782BBDB00CDEBBF /* Release */,
			);
			defaultConfigurationIsVisible = 0;
			defaultConfigurationName = Release;
		};
/* End XCConfigurationList section */
	};
	rootObject = 145602432782BBDB00CDEBBF /* Project object */;
}
